
Microsoft Visual Studio Solution File, Format Version 12.00
# Visual Studio 2015
Project("{FAE04EC0-301F-11D3-BF4B-00C04F79EFBC}") = "Assembly-CSharp", "Assembly-CSharp.csproj", "{68431EA6-DF07-B517-A8AA-6183FDB88FD4}"
EndProject
Project("{FAE04EC0-301F-11D3-BF4B-00C04F79EFBC}") = "Assembly-CSharp-firstpass", "Assembly-CSharp-firstpass.csproj", "{27C0D773-AEBC-029A-952B-F64D356F2145}"
EndProject
Project("{FAE04EC0-301F-11D3-BF4B-00C04F79EFBC}") = "Assembly-CSharp-Editor", "Assembly-CSharp-Editor.csproj", "{D5049538-DBD9-4629-1F19-6E0196FE5C4C}"
EndProject
Global
	GlobalSection(SolutionConfigurationPlatforms) = preSolution
		Debug|Any CPU = Debug|Any CPU
		Release|Any CPU = Release|Any CPU
	EndGlobalSection
	GlobalSection(ProjectConfigurationPlatforms) = postSolution
		{68431EA6-DF07-B517-A8AA-6183FDB88FD4}.Debug|Any CPU.ActiveCfg = Debug|Any CPU
		{68431EA6-DF07-B517-A8AA-6183FDB88FD4}.Debug|Any CPU.Build.0 = Debug|Any CPU
		{68431EA6-DF07-B517-A8AA-6183FDB88FD4}.Release|Any CPU.ActiveCfg = Release|Any CPU
		{68431EA6-DF07-B517-A8AA-6183FDB88FD4}.Release|Any CPU.Build.0 = Release|Any CPU
		{27C0D773-AEBC-029A-952B-F64D356F2145}.Debug|Any CPU.ActiveCfg = Debug|Any CPU
		{27C0D773-AEBC-029A-952B-F64D356F2145}.Debug|Any CPU.Build.0 = Debug|Any CPU
		{27C0D773-AEBC-029A-952B-F64D356F2145}.Release|Any CPU.ActiveCfg = Release|Any CPU
		{27C0D773-AEBC-029A-952B-F64D356F2145}.Release|Any CPU.Build.0 = Release|Any CPU
		{D5049538-DBD9-4629-1F19-6E0196FE5C4C}.Debug|Any CPU.ActiveCfg = Debug|Any CPU
		{D5049538-DBD9-4629-1F19-6E0196FE5C4C}.Debug|Any CPU.Build.0 = Debug|Any CPU
		{D5049538-DBD9-4629-1F19-6E0196FE5C4C}.Release|Any CPU.ActiveCfg = Release|Any CPU
		{D5049538-DBD9-4629-1F19-6E0196FE5C4C}.Release|Any CPU.Build.0 = Release|Any CPU
	EndGlobalSection
	GlobalSection(SolutionProperties) = preSolution
		HideSolutionNode = FALSE
	EndGlobalSection
EndGlobal
